
Microsoft Visual Studio Solution File, Format Version 12.00
# Visual Studio 15
VisualStudioVersion = 15.0.28010.2036
MinimumVisualStudioVersion = 10.0.40219.1
Project("{FAE04EC0-301F-11D3-BF4B-00C04F79EFBC}") = "PCKontolServer", "PCKontolServer\PCKontolServer.csproj", "{FD06FA36-72EE-4BCC-AA57-4C5282522545}"
EndProject
Global
	GlobalSection(SolutionConfigurationPlatforms) = preSolution
		Debug|Any CPU = Debug|Any CPU
		Release|Any CPU = Release|Any CPU
	EndGlobalSection
	GlobalSection(ProjectConfigurationPlatforms) = postSolution
		{FD06FA36-72EE-4BCC-AA57-4C5282522545}.Debug|Any CPU.ActiveCfg = Debug|Any CPU
		{FD06FA36-72EE-4BCC-AA57-4C5282522545}.Debug|Any CPU.Build.0 = Debug|Any CPU
		{FD06FA36-72EE-4BCC-AA57-4C5282522545}.Release|Any CPU.ActiveCfg = Release|Any CPU
		{FD06FA36-72EE-4BCC-AA57-4C5282522545}.Release|Any CPU.Build.0 = Release|Any CPU
	EndGlobalSection
	GlobalSection(SolutionProperties) = preSolution
		HideSolutionNode = FALSE
	EndGlobalSection
	GlobalSection(ExtensibilityGlobals) = postSolution
		SolutionGuid = {DFC0FF6C-B12C-4C59-BD22-C3D5CF34E3FA}
	EndGlobalSection
EndGlobal
